
Microsoft Visual Studio Solution File, Format Version 12.00
# Visual Studio Version 17
VisualStudioVersion = 17.8.34511.84
MinimumVisualStudioVersion = 10.0.40219.1
Project("{FAE04EC0-301F-11D3-BF4B-00C04F79EFBC}") = "COMP003B.Assignment1", "COMP003B.Assignment1\COMP003B.Assignment1.csproj", "{DC6D55F9-A4EB-4CBB-9651-10D7DDE02AA3}"
EndProject
Global
	GlobalSection(SolutionConfigurationPlatforms) = preSolution
		Debug|Any CPU = Debug|Any CPU
		Release|Any CPU = Release|Any CPU
	EndGlobalSection
	GlobalSection(ProjectConfigurationPlatforms) = postSolution
		{DC6D55F9-A4EB-4CBB-9651-10D7DDE02AA3}.Debug|Any CPU.ActiveCfg = Debug|Any CPU
		{DC6D55F9-A4EB-4CBB-9651-10D7DDE02AA3}.Debug|Any CPU.Build.0 = Debug|Any CPU
		{DC6D55F9-A4EB-4CBB-9651-10D7DDE02AA3}.Release|Any CPU.ActiveCfg = Release|Any CPU
		{DC6D55F9-A4EB-4CBB-9651-10D7DDE02AA3}.Release|Any CPU.Build.0 = Release|Any CPU
	EndGlobalSection
	GlobalSection(SolutionProperties) = preSolution
		HideSolutionNode = FALSE
	EndGlobalSection
	GlobalSection(ExtensibilityGlobals) = postSolution
		SolutionGuid = {1786BE5E-F1B1-4821-8037-23BB70DD8D95}
	EndGlobalSection
EndGlobal
